PODS:
  - Flutter (1.0.0)
  - TTLock (3.5.0)
  - ttlock_flutter (0.0.1):
    - Flutter
    - TTLock

DEPENDENCIES:
  - Flutter (from `Flutter`)
  - ttlock_flutter (from `.symlinks/plugins/ttlock_flutter/ios`)

SPEC REPOS:
  trunk:
    - TTLock

EXTERNAL SOURCES:
  Flutter:
    :path: Flutter
  ttlock_flutter:
    :path: ".symlinks/plugins/ttlock_flutter/ios"

SPEC CHECKSUMS:
  Flutter: e0871f40cf51350855a761d2e70bf5af5b9b5de7
  TTLock: 7b6a9c54039737d26fd35805697e7a49aa8e2b25
  ttlock_flutter: 4ff5ebd52066632b279db639cb91fbdcd8f2868b

PODFILE CHECKSUM: 53026eaf67b63baa2e316e457f9701dbdf33f41a

COCOAPODS: 1.16.2
