PODS:
  - Flutter (1.0.0)
  - ttlock_premise_flutter (0.0.1):
    - Flutter
    - TTLockOnPremise (= 2.2.2)
  - TTLockOnPremise (2.2.2)

DEPENDENCIES:
  - Flutter (from `Flutter`)
  - ttlock_premise_flutter (from `.symlinks/plugins/ttlock_premise_flutter/ios`)

SPEC REPOS:
  trunk:
    - TTLockOnPremise

EXTERNAL SOURCES:
  Flutter:
    :path: Flutter
  ttlock_premise_flutter:
    :path: ".symlinks/plugins/ttlock_premise_flutter/ios"

SPEC CHECKSUMS:
  Flutter: e0871f40cf51350855a761d2e70bf5af5b9b5de7
  ttlock_premise_flutter: 8dad32b83e9c967b91079fd21e22a9595f042eab
  TTLockOnPremise: d232e24622a05cb4b42cc218ec5fa9a886a8baa5

PODFILE CHECKSUM: cf0c950f7e9a456b4e325f5b8fc0f98906a3705a

COCOAPODS: 1.16.2
